
Microsoft Visual Studio Solution File, Format Version 12.00
# Visual Studio Version 17
VisualStudioVersion = 17.3.32901.215
MinimumVisualStudioVersion = 10.0.40219.1
Project("{9A19103F-16F7-4668-BE54-9A1E7A4F7556}") = "ShoppingClient", "ShoppingClient\ShoppingClient.csproj", "{0091C9AE-8642-4629-907E-2F25A19F0A89}"
EndProject
Project("{9A19103F-16F7-4668-BE54-9A1E7A4F7556}") = "Shopping.API", "Shopping.API\Shopping.API.csproj", "{27A679DB-7E42-493A-AE1A-12A9B3E5A36E}"
EndProject
Project("{E53339B2-1760-4266-BCC7-CA923CBCF16C}") = "docker-compose", "docker-compose.dcproj", "{0C786683-9ADB-439C-A636-6EF623F4E379}"
EndProject
Global
	GlobalSection(SolutionConfigurationPlatforms) = preSolution
		Debug|Any CPU = Debug|Any CPU
		Release|Any CPU = Release|Any CPU
	EndGlobalSection
	GlobalSection(ProjectConfigurationPlatforms) = postSolution
		{0091C9AE-8642-4629-907E-2F25A19F0A89}.Debug|Any CPU.ActiveCfg = Debug|Any CPU
		{0091C9AE-8642-4629-907E-2F25A19F0A89}.Debug|Any CPU.Build.0 = Debug|Any CPU
		{0091C9AE-8642-4629-907E-2F25A19F0A89}.Release|Any CPU.ActiveCfg = Release|Any CPU
		{0091C9AE-8642-4629-907E-2F25A19F0A89}.Release|Any CPU.Build.0 = Release|Any CPU
		{27A679DB-7E42-493A-AE1A-12A9B3E5A36E}.Debug|Any CPU.ActiveCfg = Debug|Any CPU
		{27A679DB-7E42-493A-AE1A-12A9B3E5A36E}.Debug|Any CPU.Build.0 = Debug|Any CPU
		{27A679DB-7E42-493A-AE1A-12A9B3E5A36E}.Release|Any CPU.ActiveCfg = Release|Any CPU
		{27A679DB-7E42-493A-AE1A-12A9B3E5A36E}.Release|Any CPU.Build.0 = Release|Any CPU
		{0C786683-9ADB-439C-A636-6EF623F4E379}.Debug|Any CPU.ActiveCfg = Debug|Any CPU
		{0C786683-9ADB-439C-A636-6EF623F4E379}.Debug|Any CPU.Build.0 = Debug|Any CPU
		{0C786683-9ADB-439C-A636-6EF623F4E379}.Release|Any CPU.ActiveCfg = Release|Any CPU
		{0C786683-9ADB-439C-A636-6EF623F4E379}.Release|Any CPU.Build.0 = Release|Any CPU
	EndGlobalSection
	GlobalSection(SolutionProperties) = preSolution
		HideSolutionNode = FALSE
	EndGlobalSection
	GlobalSection(ExtensibilityGlobals) = postSolution
		SolutionGuid = {B73B0C98-D4CC-4776-BF5A-412BC0155D5E}
	EndGlobalSection
EndGlobal
